// !$*UTF8*$!
{
	archiveVersion = 1;
	classes = {
	};
	objectVersion = 46;
	objects = {

/* Begin PBXBuildFile section */
		11C7F3831B01FCEB005937EB /* Cocoa.framework in Frameworks */ = {isa = PBXBuildFile; fileRef = 11C7F3821B01FCEB005937EB /* Cocoa.framework */; };
		11C7F3851B01FD03005937EB /* Lablib.framework in Frameworks */ = {isa = PBXBuildFile; fileRef = 11C7F3841B01FD03005937EB /* Lablib.framework */; };
		11C7F3881B020057005937EB /* Info.plist in Resources */ = {isa = PBXBuildFile; fileRef = 11C7F3871B020057005937EB /* Info.plist */; };
		11C7F38F1B020312005937EB /* LLLabjackU6DataDevice.m in Sources */ = {isa = PBXBuildFile; fileRef = 11C7F38E1B020312005937EB /* LLLabjackU6DataDevice.m */; };
/* End PBXBuildFile section */

/* Begin PBXFileReference section */
		11C7F3781B01FC66005937EB /* LablibLabjackU6.plugin */ = {isa = PBXFileReference; explicitFileType = wrapper.cfbundle; includeInIndex = 0; path = LablibLabjackU6.plugin; sourceTree = BUILT_PRODUCTS_DIR; };
		11C7F3821B01FCEB005937EB /* Cocoa.framework */ = {isa = PBXFileReference; lastKnownFileType = wrapper.framework; name = Cocoa.framework; path = System/Library/Frameworks/Cocoa.framework; sourceTree = SDKROOT; };
		11C7F3841B01FD03005937EB /* Lablib.framework */ = {isa = PBXFileReference; lastKnownFileType = wrapper.framework; name = Lablib.framework; path = /Documents/Lablib/Frameworks/Lablib/build/Development/Lablib.framework; sourceTree = "<absolute>"; };
		11C7F3861B01FFDE005937EB /* LablibLabjackU6_Prefix.pch */ = {isa = PBXFileReference; fileEncoding = 4; lastKnownFileType = sourcecode.c.h; path = LablibLabjackU6_Prefix.pch; sourceTree = "<group>"; };
		11C7F3871B020057005937EB /* Info.plist */ = {isa = PBXFileReference; fileEncoding = 4; lastKnownFileType = text.plist.xml; path = Info.plist; sourceTree = "<group>"; };
		11C7F38D1B020294005937EB /* LLLabjackU6DataDevice.h */ = {isa = PBXFileReference; lastKnownFileType = sourcecode.c.h; path = LLLabjackU6DataDevice.h; sourceTree = "<group>"; };
		11C7F38E1B020312005937EB /* LLLabjackU6DataDevice.m */ = {isa = PBXFileReference; fileEncoding = 4; lastKnownFileType = sourcecode.c.objc; path = LLLabjackU6DataDevice.m; sourceTree = "<group>"; };
/* End PBXFileReference section */

/* Begin PBXFrameworksBuildPhase section */
		11C7F3751B01FC66005937EB /* Frameworks */ = {
			isa = PBXFrameworksBuildPhase;
			buildActionMask = 2147483647;
			files = (
				11C7F3851B01FD03005937EB /* Lablib.framework in Frameworks */,
				11C7F3831B01FCEB005937EB /* Cocoa.framework in Frameworks */,
			);
			runOnlyForDeploymentPostprocessing = 0;
		};
/* End PBXFrameworksBuildPhase section */

/* Begin PBXGroup section */
		11C7F36F1B01FC66005937EB = {
			isa = PBXGroup;
			children = (
				11C7F38C1B02010A005937EB /* Frameworks */,
				11C7F3891B0200B3005937EB /* Classes */,
				11C7F38A1B0200BD005937EB /* Other Sources */,
				11C7F38B1B0200D2005937EB /* Resources */,
				11C7F3791B01FC66005937EB /* Products */,
			);
			sourceTree = "<group>";
		};
		11C7F3791B01FC66005937EB /* Products */ = {
			isa = PBXGroup;
			children = (
				11C7F3781B01FC66005937EB /* LablibLabjackU6.plugin */,
			);
			name = Products;
			sourceTree = "<group>";
		};
		11C7F3891B0200B3005937EB /* Classes */ = {
			isa = PBXGroup;
			children = (
				11C7F38D1B020294005937EB /* LLLabjackU6DataDevice.h */,
				11C7F38E1B020312005937EB /* LLLabjackU6DataDevice.m */,
			);
			name = Classes;
			sourceTree = "<group>";
		};
		11C7F38A1B0200BD005937EB /* Other Sources */ = {
			isa = PBXGroup;
			children = (
				11C7F3861B01FFDE005937EB /* LablibLabjackU6_Prefix.pch */,
			);
			name = "Other Sources";
			sourceTree = "<group>";
		};
		11C7F38B1B0200D2005937EB /* Resources */ = {
			isa = PBXGroup;
			children = (
				11C7F3871B020057005937EB /* Info.plist */,
			);
			name = Resources;
			sourceTree = "<group>";
		};
		11C7F38C1B02010A005937EB /* Frameworks */ = {
			isa = PBXGroup;
			children = (
				11C7F3821B01FCEB005937EB /* Cocoa.framework */,
				11C7F3841B01FD03005937EB /* Lablib.framework */,
			);
			name = Frameworks;
			sourceTree = "<group>";
		};
/* End PBXGroup section */

/* Begin PBXNativeTarget section */
		11C7F3771B01FC66005937EB /* LablibLabjackU6 */ = {
			isa = PBXNativeTarget;
			buildConfigurationList = 11C7F37F1B01FC67005937EB /* Build configuration list for PBXNativeTarget "LablibLabjackU6" */;
			buildPhases = (
				11C7F3741B01FC66005937EB /* Sources */,
				11C7F3751B01FC66005937EB /* Frameworks */,
				11C7F3761B01FC66005937EB /* Resources */,
			);
			buildRules = (
			);
			dependencies = (
			);
			name = LablibLabjackU6;
			productName = LablibLabjackU6;
			productReference = 11C7F3781B01FC66005937EB /* LablibLabjackU6.plugin */;
			productType = "com.apple.product-type.bundle";
		};
/* End PBXNativeTarget section */

/* Begin PBXProject section */
		11C7F3701B01FC66005937EB /* Project object */ = {
			isa = PBXProject;
			attributes = {
				LastUpgradeCheck = 0600;
				ORGANIZATIONNAME = "Supratim Ray";
				TargetAttributes = {
					11C7F3771B01FC66005937EB = {
						CreatedOnToolsVersion = 6.0.1;
					};
				};
			};
			buildConfigurationList = 11C7F3731B01FC66005937EB /* Build configuration list for PBXProject "LablibLabjackU6" */;
			compatibilityVersion = "Xcode 3.2";
			developmentRegion = English;
			hasScannedForEncodings = 0;
			knownRegions = (
				en,
			);
			mainGroup = 11C7F36F1B01FC66005937EB;
			productRefGroup = 11C7F3791B01FC66005937EB /* Products */;
			projectDirPath = "";
			projectRoot = "";
			targets = (
				11C7F3771B01FC66005937EB /* LablibLabjackU6 */,
			);
		};
/* End PBXProject section */

/* Begin PBXResourcesBuildPhase section */
		11C7F3761B01FC66005937EB /* Resources */ = {
			isa = PBXResourcesBuildPhase;
			buildActionMask = 2147483647;
			files = (
				11C7F3881B020057005937EB /* Info.plist in Resources */,
			);
			runOnlyForDeploymentPostprocessing = 0;
		};
/* End PBXResourcesBuildPhase section */

/* Begin PBXSourcesBuildPhase section */
		11C7F3741B01FC66005937EB /* Sources */ = {
			isa = PBXSourcesBuildPhase;
			buildActionMask = 2147483647;
			files = (
				11C7F38F1B020312005937EB /* LLLabjackU6DataDevice.m in Sources */,
			);
			runOnlyForDeploymentPostprocessing = 0;
		};
/* End PBXSourcesBuildPhase section */

/* Begin XCBuildConfiguration section */
		11C7F37D1B01FC66005937EB /* Development */ = {
			isa = XCBuildConfiguration;
			buildSettings = {
				ALWAYS_SEARCH_USER_PATHS = YES;
				CLANG_CXX_LANGUAGE_STANDARD = "gnu++0x";
				CLANG_CXX_LIBRARY = "libc++";
				CLANG_ENABLE_MODULES = YES;
				CLANG_ENABLE_OBJC_ARC = NO;
				CLANG_WARN_BOOL_CONVERSION = YES;
				CLANG_WARN_CONSTANT_CONVERSION = YES;
				CLANG_WARN_DIRECT_OBJC_ISA_USAGE = YES_ERROR;
				CLANG_WARN_EMPTY_BODY = YES;
				CLANG_WARN_ENUM_CONVERSION = YES;
				CLANG_WARN_INT_CONVERSION = YES;
				CLANG_WARN_OBJC_ROOT_CLASS = YES_ERROR;
				CLANG_WARN_UNREACHABLE_CODE = YES;
				CLANG_WARN__DUPLICATE_METHOD_MATCH = YES;
				COPY_PHASE_STRIP = NO;
				ENABLE_STRICT_OBJC_MSGSEND = YES;
				GCC_C_LANGUAGE_STANDARD = gnu99;
				GCC_DYNAMIC_NO_PIC = NO;
				GCC_OPTIMIZATION_LEVEL = 0;
				GCC_PREPROCESSOR_DEFINITIONS = (
					"DEBUG=1",
					"$(inherited)",
				);
				GCC_SYMBOLS_PRIVATE_EXTERN = NO;
				GCC_WARN_64_TO_32_BIT_CONVERSION = YES;
				GCC_WARN_ABOUT_RETURN_TYPE = YES_ERROR;
				GCC_WARN_UNDECLARED_SELECTOR = YES;
				GCC_WARN_UNINITIALIZED_AUTOS = YES_AGGRESSIVE;
				GCC_WARN_UNUSED_FUNCTION = YES;
				GCC_WARN_UNUSED_VARIABLE = YES;
				MACOSX_DEPLOYMENT_TARGET = 10.9;
				MTL_ENABLE_DEBUG_INFO = YES;
				ONLY_ACTIVE_ARCH = NO;
				SDKROOT = macosx;
			};
			name = Development;
		};
		11C7F37E1B01FC66005937EB /* Release */ = {
			isa = XCBuildConfiguration;
			buildSettings = {
				ALWAYS_SEARCH_USER_PATHS = YES;
				CLANG_CXX_LANGUAGE_STANDARD = "gnu++0x";
				CLANG_CXX_LIBRARY = "libc++";
				CLANG_ENABLE_MODULES = YES;
				CLANG_ENABLE_OBJC_ARC = NO;
				CLANG_WARN_BOOL_CONVERSION = YES;
				CLANG_WARN_CONSTANT_CONVERSION = YES;
				CLANG_WARN_DIRECT_OBJC_ISA_USAGE = YES_ERROR;
				CLANG_WARN_EMPTY_BODY = YES;
				CLANG_WARN_ENUM_CONVERSION = YES;
				CLANG_WARN_INT_CONVERSION = YES;
				CLANG_WARN_OBJC_ROOT_CLASS = YES_ERROR;
				CLANG_WARN_UNREACHABLE_CODE = YES;
				CLANG_WARN__DUPLICATE_METHOD_MATCH = YES;
				COPY_PHASE_STRIP = YES;
				DEBUG_INFORMATION_FORMAT = "dwarf-with-dsym";
				ENABLE_NS_ASSERTIONS = NO;
				ENABLE_STRICT_OBJC_MSGSEND = YES;
				GCC_C_LANGUAGE_STANDARD = gnu99;
				GCC_WARN_64_TO_32_BIT_CONVERSION = YES;
				GCC_WARN_ABOUT_RETURN_TYPE = YES_ERROR;
				GCC_WARN_UNDECLARED_SELECTOR = YES;
				GCC_WARN_UNINITIALIZED_AUTOS = YES_AGGRESSIVE;
				GCC_WARN_UNUSED_FUNCTION = YES;
				GCC_WARN_UNUSED_VARIABLE = YES;
				MACOSX_DEPLOYMENT_TARGET = 10.9;
				MTL_ENABLE_DEBUG_INFO = NO;
				ONLY_ACTIVE_ARCH = NO;
				SDKROOT = macosx;
			};
			name = Release;
		};
		11C7F3801B01FC67005937EB /* Development */ = {
			isa = XCBuildConfiguration;
			buildSettings = {
				COMBINE_HIDPI_IMAGES = YES;
				CONFIGURATION_BUILD_DIR = "$HOME/Library/Application Support/Knot/Plugins/$(CONFIGURATION)$(EFFECTIVE_PLATFORM_NAME)";
				FRAMEWORK_SEARCH_PATHS = (
					"$(inherited)",
					/Documents/Lablib/Frameworks/Lablib/build/Development,
				);
				GCC_PRECOMPILE_PREFIX_HEADER = YES;
				GCC_PREFIX_HEADER = LablibLabjackU6_Prefix.pch;
				INFOPLIST_FILE = Info.plist;
				INSTALL_PATH = "$(USER_LIBRARY_DIR)/Bundles";
				PRODUCT_NAME = "$(TARGET_NAME)";
				SKIP_INSTALL = NO;
				WRAPPER_EXTENSION = plugin;
			};
			name = Development;
		};
		11C7F3811B01FC67005937EB /* Release */ = {
			isa = XCBuildConfiguration;
			buildSettings = {
				COMBINE_HIDPI_IMAGES = YES;
				FRAMEWORK_SEARCH_PATHS = (
					"$(inherited)",
					/Documents/Lablib/Frameworks/Lablib/build/Development,
				);
				GCC_PRECOMPILE_PREFIX_HEADER = YES;
				GCC_PREFIX_HEADER = LablibLabjackU6_Prefix.pch;
				INFOPLIST_FILE = Info.plist;
				INSTALL_PATH = "$(USER_LIBRARY_DIR)/Bundles";
				PRODUCT_NAME = "$(TARGET_NAME)";
				SKIP_INSTALL = NO;
				WRAPPER_EXTENSION = bundle;
			};
			name = Release;
		};
/* End XCBuildConfiguration section */

/* Begin XCConfigurationList section */
		11C7F3731B01FC66005937EB /* Build configuration list for PBXProject "LablibLabjackU6" */ = {
			isa = XCConfigurationList;
			buildConfigurations = (
				11C7F37D1B01FC66005937EB /* Development */,
				11C7F37E1B01FC66005937EB /* Release */,
			);
			defaultConfigurationIsVisible = 0;
			defaultConfigurationName = Release;
		};
		11C7F37F1B01FC67005937EB /* Build configuration list for PBXNativeTarget "LablibLabjackU6" */ = {
			isa = XCConfigurationList;
			buildConfigurations = (
				11C7F3801B01FC67005937EB /* Development */,
				11C7F3811B01FC67005937EB /* Release */,
			);
			defaultConfigurationIsVisible = 0;
		};
/* End XCConfigurationList section */
	};
	rootObject = 11C7F3701B01FC66005937EB /* Project object */;
}
